
Microsoft Visual Studio Solution File, Format Version 12.00
# Visual Studio Version 17
VisualStudioVersion = 17.6.33815.320
MinimumVisualStudioVersion = 10.0.40219.1
Project("{FAE04EC0-301F-11D3-BF4B-00C04F79EFBC}") = "Assign4", "Assign4\Assign4.csproj", "{911221BF-A63D-48E7-AC63-F3F268469BCB}"
EndProject
Global
	GlobalSection(SolutionConfigurationPlatforms) = preSolution
		Debug|Any CPU = Debug|Any CPU
		Release|Any CPU = Release|Any CPU
	EndGlobalSection
	GlobalSection(ProjectConfigurationPlatforms) = postSolution
		{911221BF-A63D-48E7-AC63-F3F268469BCB}.Debug|Any CPU.ActiveCfg = Debug|Any CPU
		{911221BF-A63D-48E7-AC63-F3F268469BCB}.Debug|Any CPU.Build.0 = Debug|Any CPU
		{911221BF-A63D-48E7-AC63-F3F268469BCB}.Release|Any CPU.ActiveCfg = Release|Any CPU
		{911221BF-A63D-48E7-AC63-F3F268469BCB}.Release|Any CPU.Build.0 = Release|Any CPU
	EndGlobalSection
	GlobalSection(SolutionProperties) = preSolution
		HideSolutionNode = FALSE
	EndGlobalSection
	GlobalSection(ExtensibilityGlobals) = postSolution
		SolutionGuid = {FD7D6ECC-3EC1-4AE3-A000-247023B9FB0E}
	EndGlobalSection
EndGlobal
